// !$*UTF8*$!
{
	archiveVersion = 1;
	classes = {
	};
	objectVersion = 50;
	objects = {

/* Begin PBXBuildFile section */
		8D5BF2D7221D4BD400A1E568 /* AppDelegate.m in Sources */ = {isa = PBXBuildFile; fileRef = 8D5BF2D6221D4BD400A1E568 /* AppDelegate.m */; };
		8D5BF2DA221D4BD400A1E568 /* ViewController.m in Sources */ = {isa = PBXBuildFile; fileRef = 8D5BF2D9221D4BD400A1E568 /* ViewController.m */; };
		8D5BF2DD221D4BD400A1E568 /* Main.storyboard in Resources */ = {isa = PBXBuildFile; fileRef = 8D5BF2DB221D4BD400A1E568 /* Main.storyboard */; };
		8D5BF2DF221D4BD500A1E568 /* Assets.xcassets in Resources */ = {isa = PBXBuildFile; fileRef = 8D5BF2DE221D4BD500A1E568 /* Assets.xcassets */; };
		8D5BF2E2221D4BD500A1E568 /* LaunchScreen.storyboard in Resources */ = {isa = PBXBuildFile; fileRef = 8D5BF2E0221D4BD500A1E568 /* LaunchScreen.storyboard */; };
		8D5BF2E5221D4BD500A1E568 /* main.m in Sources */ = {isa = PBXBuildFile; fileRef = 8D5BF2E4221D4BD500A1E568 /* main.m */; };
		8D5BF2EF221D4BD500A1E568 /* HLButtonClickRangeTests.m in Sources */ = {isa = PBXBuildFile; fileRef = 8D5BF2EE221D4BD500A1E568 /* HLButtonClickRangeTests.m */; };
		8D5BF2FA221D4BD500A1E568 /* HLButtonClickRangeUITests.m in Sources */ = {isa = PBXBuildFile; fileRef = 8D5BF2F9221D4BD500A1E568 /* HLButtonClickRangeUITests.m */; };
		8D5BF309221D595D00A1E568 /* UIButton+HLClickRange.m in Sources */ = {isa = PBXBuildFile; fileRef = 8D5BF307221D595D00A1E568 /* UIButton+HLClickRange.m */; };
/* End PBXBuildFile section */

/* Begin PBXContainerItemProxy section */
		8D5BF2EB221D4BD500A1E568 /* PBXContainerItemProxy */ = {
			isa = PBXContainerItemProxy;
			containerPortal = 8D5BF2CA221D4BD400A1E568 /* Project object */;
			proxyType = 1;
			remoteGlobalIDString = 8D5BF2D1221D4BD400A1E568;
			remoteInfo = HLButtonClickRange;
		};
		8D5BF2F6221D4BD500A1E568 /* PBXContainerItemProxy */ = {
			isa = PBXContainerItemProxy;
			containerPortal = 8D5BF2CA221D4BD400A1E568 /* Project object */;
			proxyType = 1;
			remoteGlobalIDString = 8D5BF2D1221D4BD400A1E568;
			remoteInfo = HLButtonClickRange;
		};
/* End PBXContainerItemProxy section */

/* Begin PBXFileReference section */
		8D5BF2D2221D4BD400A1E568 /* HLButtonClickRange.app */ = {isa = PBXFileReference; explicitFileType = wrapper.application; includeInIndex = 0; path = HLButtonClickRange.app; sourceTree = BUILT_PRODUCTS_DIR; };
		8D5BF2D5221D4BD400A1E568 /* AppDelegate.h */ = {isa = PBXFileReference; lastKnownFileType = sourcecode.c.h; path = AppDelegate.h; sourceTree = "<group>"; };
		8D5BF2D6221D4BD400A1E568 /* AppDelegate.m */ = {isa = PBXFileReference; lastKnownFileType = sourcecode.c.objc; path = AppDelegate.m; sourceTree = "<group>"; };
		8D5BF2D8221D4BD400A1E568 /* ViewController.h */ = {isa = PBXFileReference; lastKnownFileType = sourcecode.c.h; path = ViewController.h; sourceTree = "<group>"; };
		8D5BF2D9221D4BD400A1E568 /* ViewController.m */ = {isa = PBXFileReference; lastKnownFileType = sourcecode.c.objc; path = ViewController.m; sourceTree = "<group>"; };
		8D5BF2DC221D4BD400A1E568 /* Base */ = {isa = PBXFileReference; lastKnownFileType = file.storyboard; name = Base; path = Base.lproj/Main.storyboard; sourceTree = "<group>"; };
		8D5BF2DE221D4BD500A1E568 /* Assets.xcassets */ = {isa = PBXFileReference; lastKnownFileType = folder.assetcatalog; path = Assets.xcassets; sourceTree = "<group>"; };
		8D5BF2E1221D4BD500A1E568 /* Base */ = {isa = PBXFileReference; lastKnownFileType = file.storyboard; name = Base; path = Base.lproj/LaunchScreen.storyboard; sourceTree = "<group>"; };
		8D5BF2E3221D4BD500A1E568 /* Info.plist */ = {isa = PBXFileReference; lastKnownFileType = text.plist.xml; path = Info.plist; sourceTree = "<group>"; };
		8D5BF2E4221D4BD500A1E568 /* main.m */ = {isa = PBXFileReference; lastKnownFileType = sourcecode.c.objc; path = main.m; sourceTree = "<group>"; };
		8D5BF2EA221D4BD500A1E568 /* HLButtonClickRangeTests.xctest */ = {isa = PBXFileReference; explicitFileType = wrapper.cfbundle; includeInIndex = 0; path = HLButtonClickRangeTests.xctest; sourceTree = BUILT_PRODUCTS_DIR; };
		8D5BF2EE221D4BD500A1E568 /* HLButtonClickRangeTests.m */ = {isa = PBXFileReference; lastKnownFileType = sourcecode.c.objc; path = HLButtonClickRangeTests.m; sourceTree = "<group>"; };
		8D5BF2F0221D4BD500A1E568 /* Info.plist */ = {isa = PBXFileReference; lastKnownFileType = text.plist.xml; path = Info.plist; sourceTree = "<group>"; };
		8D5BF2F5221D4BD500A1E568 /* HLButtonClickRangeUITests.xctest */ = {isa = PBXFileReference; explicitFileType = wrapper.cfbundle; includeInIndex = 0; path = HLButtonClickRangeUITests.xctest; sourceTree = BUILT_PRODUCTS_DIR; };
		8D5BF2F9221D4BD500A1E568 /* HLButtonClickRangeUITests.m */ = {isa = PBXFileReference; lastKnownFileType = sourcecode.c.objc; path = HLButtonClickRangeUITests.m; sourceTree = "<group>"; };
		8D5BF2FB221D4BD500A1E568 /* Info.plist */ = {isa = PBXFileReference; lastKnownFileType = text.plist.xml; path = Info.plist; sourceTree = "<group>"; };
		8D5BF307221D595D00A1E568 /* UIButton+HLClickRange.m */ = {isa = PBXFileReference; fileEncoding = 4; lastKnownFileType = sourcecode.c.objc; path = "UIButton+HLClickRange.m"; sourceTree = "<group>"; };
		8D5BF308221D595D00A1E568 /* UIButton+HLClickRange.h */ = {isa = PBXFileReference; fileEncoding = 4; lastKnownFileType = sourcecode.c.h; path = "UIButton+HLClickRange.h"; sourceTree = "<group>"; };
/* End PBXFileReference section */

/* Begin PBXFrameworksBuildPhase section */
		8D5BF2CF221D4BD400A1E568 /* Frameworks */ = {
			isa = PBXFrameworksBuildPhase;
			buildActionMask = 2147483647;
			files = (
			);
			runOnlyForDeploymentPostprocessing = 0;
		};
		8D5BF2E7221D4BD500A1E568 /* Frameworks */ = {
			isa = PBXFrameworksBuildPhase;
			buildActionMask = 2147483647;
			files = (
			);
			runOnlyForDeploymentPostprocessing = 0;
		};
		8D5BF2F2221D4BD500A1E568 /* Frameworks */ = {
			isa = PBXFrameworksBuildPhase;
			buildActionMask = 2147483647;
			files = (
			);
			runOnlyForDeploymentPostprocessing = 0;
		};
/* End PBXFrameworksBuildPhase section */

/* Begin PBXGroup section */
		8D5BF2C9221D4BD400A1E568 = {
			isa = PBXGroup;
			children = (
				8D5BF2D4221D4BD400A1E568 /* HLButtonClickRange */,
				8D5BF2ED221D4BD500A1E568 /* HLButtonClickRangeTests */,
				8D5BF2F8221D4BD500A1E568 /* HLButtonClickRangeUITests */,
				8D5BF2D3221D4BD400A1E568 /* Products */,
			);
			sourceTree = "<group>";
		};
		8D5BF2D3221D4BD400A1E568 /* Products */ = {
			isa = PBXGroup;
			children = (
				8D5BF2D2221D4BD400A1E568 /* HLButtonClickRange.app */,
				8D5BF2EA221D4BD500A1E568 /* HLButtonClickRangeTests.xctest */,
				8D5BF2F5221D4BD500A1E568 /* HLButtonClickRangeUITests.xctest */,
			);
			name = Products;
			sourceTree = "<group>";
		};
		8D5BF2D4221D4BD400A1E568 /* HLButtonClickRange */ = {
			isa = PBXGroup;
			children = (
				8D5BF308221D595D00A1E568 /* UIButton+HLClickRange.h */,
				8D5BF307221D595D00A1E568 /* UIButton+HLClickRange.m */,
				8D5BF2D5221D4BD400A1E568 /* AppDelegate.h */,
				8D5BF2D6221D4BD400A1E568 /* AppDelegate.m */,
				8D5BF2D8221D4BD400A1E568 /* ViewController.h */,
				8D5BF2D9221D4BD400A1E568 /* ViewController.m */,
				8D5BF2DB221D4BD400A1E568 /* Main.storyboard */,
				8D5BF2DE221D4BD500A1E568 /* Assets.xcassets */,
				8D5BF2E0221D4BD500A1E568 /* LaunchScreen.storyboard */,
				8D5BF2E3221D4BD500A1E568 /* Info.plist */,
				8D5BF2E4221D4BD500A1E568 /* main.m */,
			);
			path = HLButtonClickRange;
			sourceTree = "<group>";
		};
		8D5BF2ED221D4BD500A1E568 /* HLButtonClickRangeTests */ = {
			isa = PBXGroup;
			children = (
				8D5BF2EE221D4BD500A1E568 /* HLButtonClickRangeTests.m */,
				8D5BF2F0221D4BD500A1E568 /* Info.plist */,
			);
			path = HLButtonClickRangeTests;
			sourceTree = "<group>";
		};
		8D5BF2F8221D4BD500A1E568 /* HLButtonClickRangeUITests */ = {
			isa = PBXGroup;
			children = (
				8D5BF2F9221D4BD500A1E568 /* HLButtonClickRangeUITests.m */,
				8D5BF2FB221D4BD500A1E568 /* Info.plist */,
			);
			path = HLButtonClickRangeUITests;
			sourceTree = "<group>";
		};
/* End PBXGroup section */

/* Begin PBXNativeTarget section */
		8D5BF2D1221D4BD400A1E568 /* HLButtonClickRange */ = {
			isa = PBXNativeTarget;
			buildConfigurationList = 8D5BF2FE221D4BD500A1E568 /* Build configuration list for PBXNativeTarget "HLButtonClickRange" */;
			buildPhases = (
				8D5BF2CE221D4BD400A1E568 /* Sources */,
				8D5BF2CF221D4BD400A1E568 /* Frameworks */,
				8D5BF2D0221D4BD400A1E568 /* Resources */,
			);
			buildRules = (
			);
			dependencies = (
			);
			name = HLButtonClickRange;
			productName = HLButtonClickRange;
			productReference = 8D5BF2D2221D4BD400A1E568 /* HLButtonClickRange.app */;
			productType = "com.apple.product-type.application";
		};
		8D5BF2E9221D4BD500A1E568 /* HLButtonClickRangeTests */ = {
			isa = PBXNativeTarget;
			buildConfigurationList = 8D5BF301221D4BD500A1E568 /* Build configuration list for PBXNativeTarget "HLButtonClickRangeTests" */;
			buildPhases = (
				8D5BF2E6221D4BD500A1E568 /* Sources */,
				8D5BF2E7221D4BD500A1E568 /* Frameworks */,
				8D5BF2E8221D4BD500A1E568 /* Resources */,
			);
			buildRules = (
			);
			dependencies = (
				8D5BF2EC221D4BD500A1E568 /* PBXTargetDependency */,
			);
			name = HLButtonClickRangeTests;
			productName = HLButtonClickRangeTests;
			productReference = 8D5BF2EA221D4BD500A1E568 /* HLButtonClickRangeTests.xctest */;
			productType = "com.apple.product-type.bundle.unit-test";
		};
		8D5BF2F4221D4BD500A1E568 /* HLButtonClickRangeUITests */ = {
			isa = PBXNativeTarget;
			buildConfigurationList = 8D5BF304221D4BD500A1E568 /* Build configuration list for PBXNativeTarget "HLButtonClickRangeUITests" */;
			buildPhases = (
				8D5BF2F1221D4BD500A1E568 /* Sources */,
				8D5BF2F2221D4BD500A1E568 /* Frameworks */,
				8D5BF2F3221D4BD500A1E568 /* Resources */,
			);
			buildRules = (
			);
			dependencies = (
				8D5BF2F7221D4BD500A1E568 /* PBXTargetDependency */,
			);
			name = HLButtonClickRangeUITests;
			productName = HLButtonClickRangeUITests;
			productReference = 8D5BF2F5221D4BD500A1E568 /* HLButtonClickRangeUITests.xctest */;
			productType = "com.apple.product-type.bundle.ui-testing";
		};
/* End PBXNativeTarget section */

/* Begin PBXProject section */
		8D5BF2CA221D4BD400A1E568 /* Project object */ = {
			isa = PBXProject;
			attributes = {
				LastUpgradeCheck = 1010;
				ORGANIZATIONNAME = HL;
				TargetAttributes = {
					8D5BF2D1221D4BD400A1E568 = {
						CreatedOnToolsVersion = 10.1;
					};
					8D5BF2E9221D4BD500A1E568 = {
						CreatedOnToolsVersion = 10.1;
						TestTargetID = 8D5BF2D1221D4BD400A1E568;
					};
					8D5BF2F4221D4BD500A1E568 = {
						CreatedOnToolsVersion = 10.1;
						TestTargetID = 8D5BF2D1221D4BD400A1E568;
					};
				};
			};
			buildConfigurationList = 8D5BF2CD221D4BD400A1E568 /* Build configuration list for PBXProject "HLButtonClickRange" */;
			compatibilityVersion = "Xcode 9.3";
			developmentRegion = en;
			hasScannedForEncodings = 0;
			knownRegions = (
				en,
				Base,
			);
			mainGroup = 8D5BF2C9221D4BD400A1E568;
			productRefGroup = 8D5BF2D3221D4BD400A1E568 /* Products */;
			projectDirPath = "";
			projectRoot = "";
			targets = (
				8D5BF2D1221D4BD400A1E568 /* HLButtonClickRange */,
				8D5BF2E9221D4BD500A1E568 /* HLButtonClickRangeTests */,
				8D5BF2F4221D4BD500A1E568 /* HLButtonClickRangeUITests */,
			);
		};
/* End PBXProject section */

/* Begin PBXResourcesBuildPhase section */
		8D5BF2D0221D4BD400A1E568 /* Resources */ = {
			isa = PBXResourcesBuildPhase;
			buildActionMask = 2147483647;
			files = (
				8D5BF2E2221D4BD500A1E568 /* LaunchScreen.storyboard in Resources */,
				8D5BF2DF221D4BD500A1E568 /* Assets.xcassets in Resources */,
				8D5BF2DD221D4BD400A1E568 /* Main.storyboard in Resources */,
			);
			runOnlyForDeploymentPostprocessing = 0;
		};
		8D5BF2E8221D4BD500A1E568 /* Resources */ = {
			isa = PBXResourcesBuildPhase;
			buildActionMask = 2147483647;
			files = (
			);
			runOnlyForDeploymentPostprocessing = 0;
		};
		8D5BF2F3221D4BD500A1E568 /* Resources */ = {
			isa = PBXResourcesBuildPhase;
			buildActionMask = 2147483647;
			files = (
			);
			runOnlyForDeploymentPostprocessing = 0;
		};
/* End PBXResourcesBuildPhase section */

/* Begin PBXSourcesBuildPhase section */
		8D5BF2CE221D4BD400A1E568 /* Sources */ = {
			isa = PBXSourcesBuildPhase;
			buildActionMask = 2147483647;
			files = (
				8D5BF2DA221D4BD400A1E568 /* ViewController.m in Sources */,
				8D5BF2E5221D4BD500A1E568 /* main.m in Sources */,
				8D5BF309221D595D00A1E568 /* UIButton+HLClickRange.m in Sources */,
				8D5BF2D7221D4BD400A1E568 /* AppDelegate.m in Sources */,
			);
			runOnlyForDeploymentPostprocessing = 0;
		};
		8D5BF2E6221D4BD500A1E568 /* Sources */ = {
			isa = PBXSourcesBuildPhase;
			buildActionMask = 2147483647;
			files = (
				8D5BF2EF221D4BD500A1E568 /* HLButtonClickRangeTests.m in Sources */,
			);
			runOnlyForDeploymentPostprocessing = 0;
		};
		8D5BF2F1221D4BD500A1E568 /* Sources */ = {
			isa = PBXSourcesBuildPhase;
			buildActionMask = 2147483647;
			files = (
				8D5BF2FA221D4BD500A1E568 /* HLButtonClickRangeUITests.m in Sources */,
			);
			runOnlyForDeploymentPostprocessing = 0;
		};
/* End PBXSourcesBuildPhase section */

/* Begin PBXTargetDependency section */
		8D5BF2EC221D4BD500A1E568 /* PBXTargetDependency */ = {
			isa = PBXTargetDependency;
			target = 8D5BF2D1221D4BD400A1E568 /* HLButtonClickRange */;
			targetProxy = 8D5BF2EB221D4BD500A1E568 /* PBXContainerItemProxy */;
		};
		8D5BF2F7221D4BD500A1E568 /* PBXTargetDependency */ = {
			isa = PBXTargetDependency;
			target = 8D5BF2D1221D4BD400A1E568 /* HLButtonClickRange */;
			targetProxy = 8D5BF2F6221D4BD500A1E568 /* PBXContainerItemProxy */;
		};
/* End PBXTargetDependency section */

/* Begin PBXVariantGroup section */
		8D5BF2DB221D4BD400A1E568 /* Main.storyboard */ = {
			isa = PBXVariantGroup;
			children = (
				8D5BF2DC221D4BD400A1E568 /* Base */,
			);
			name = Main.storyboard;
			sourceTree = "<group>";
		};
		8D5BF2E0221D4BD500A1E568 /* LaunchScreen.storyboard */ = {
			isa = PBXVariantGroup;
			children = (
				8D5BF2E1221D4BD500A1E568 /* Base */,
			);
			name = LaunchScreen.storyboard;
			sourceTree = "<group>";
		};
/* End PBXVariantGroup section */

/* Begin XCBuildConfiguration section */
		8D5BF2FC221D4BD500A1E568 /* Debug */ = {
			isa = XCBuildConfiguration;
			buildSettings = {
				ALWAYS_SEARCH_USER_PATHS = NO;
				CLANG_ANALYZER_NONNULL = YES;
				CLANG_ANALYZER_NUMBER_OBJECT_CONVERSION = YES_AGGRESSIVE;
				CLANG_CXX_LANGUAGE_STANDARD = "gnu++14";
				CLANG_CXX_LIBRARY = "libc++";
				CLANG_ENABLE_MODULES = YES;
				CLANG_ENABLE_OBJC_ARC = YES;
				CLANG_ENABLE_OBJC_WEAK = YES;
				CLANG_WARN_BLOCK_CAPTURE_AUTORELEASING = YES;
				CLANG_WARN_BOOL_CONVERSION = YES;
				CLANG_WARN_COMMA = YES;
				CLANG_WARN_CONSTANT_CONVERSION = YES;
				CLANG_WARN_DEPRECATED_OBJC_IMPLEMENTATIONS = YES;
				CLANG_WARN_DIRECT_OBJC_ISA_USAGE = YES_ERROR;
				CLANG_WARN_DOCUMENTATION_COMMENTS = YES;
				CLANG_WARN_EMPTY_BODY = YES;
				CLANG_WARN_ENUM_CONVERSION = YES;
				CLANG_WARN_INFINITE_RECURSION = YES;
				CLANG_WARN_INT_CONVERSION = YES;
				CLANG_WARN_NON_LITERAL_NULL_CONVERSION = YES;
				CLANG_WARN_OBJC_IMPLICIT_RETAIN_SELF = YES;
				CLANG_WARN_OBJC_LITERAL_CONVERSION = YES;
				CLANG_WARN_OBJC_ROOT_CLASS = YES_ERROR;
				CLANG_WARN_RANGE_LOOP_ANALYSIS = YES;
				CLANG_WARN_STRICT_PROTOTYPES = YES;
				CLANG_WARN_SUSPICIOUS_MOVE = YES;
				CLANG_WARN_UNGUARDED_AVAILABILITY = YES_AGGRESSIVE;
				CLANG_WARN_UNREACHABLE_CODE = YES;
				CLANG_WARN__DUPLICATE_METHOD_MATCH = YES;
				CODE_SIGN_IDENTITY = "iPhone Developer";
				COPY_PHASE_STRIP = NO;
				DEBUG_INFORMATION_FORMAT = dwarf;
				ENABLE_STRICT_OBJC_MSGSEND = YES;
				ENABLE_TESTABILITY = YES;
				GCC_C_LANGUAGE_STANDARD = gnu11;
				GCC_DYNAMIC_NO_PIC = NO;
				GCC_NO_COMMON_BLOCKS = YES;
				GCC_OPTIMIZATION_LEVEL = 0;
				GCC_PREPROCESSOR_DEFINITIONS = (
					"DEBUG=1",
					"$(inherited)",
				);
				GCC_WARN_64_TO_32_BIT_CONVERSION = YES;
				GCC_WARN_ABOUT_RETURN_TYPE = YES_ERROR;
				GCC_WARN_UNDECLARED_SELECTOR = YES;
				GCC_WARN_UNINITIALIZED_AUTOS = YES_AGGRESSIVE;
				GCC_WARN_UNUSED_FUNCTION = YES;
				GCC_WARN_UNUSED_VARIABLE = YES;
				IPHONEOS_DEPLOYMENT_TARGET = 12.1;
				MTL_ENABLE_DEBUG_INFO = INCLUDE_SOURCE;
				MTL_FAST_MATH = YES;
				ONLY_ACTIVE_ARCH = YES;
				SDKROOT = iphoneos;
			};
			name = Debug;
		};
		8D5BF2FD221D4BD500A1E568 /* Release */ = {
			isa = XCBuildConfiguration;
			buildSettings = {
				ALWAYS_SEARCH_USER_PATHS = NO;
				CLANG_ANALYZER_NONNULL = YES;
				CLANG_ANALYZER_NUMBER_OBJECT_CONVERSION = YES_AGGRESSIVE;
				CLANG_CXX_LANGUAGE_STANDARD = "gnu++14";
				CLANG_CXX_LIBRARY = "libc++";
				CLANG_ENABLE_MODULES = YES;
				CLANG_ENABLE_OBJC_ARC = YES;
				CLANG_ENABLE_OBJC_WEAK = YES;
				CLANG_WARN_BLOCK_CAPTURE_AUTORELEASING = YES;
				CLANG_WARN_BOOL_CONVERSION = YES;
				CLANG_WARN_COMMA = YES;
				CLANG_WARN_CONSTANT_CONVERSION = YES;
				CLANG_WARN_DEPRECATED_OBJC_IMPLEMENTATIONS = YES;
				CLANG_WARN_DIRECT_OBJC_ISA_USAGE = YES_ERROR;
				CLANG_WARN_DOCUMENTATION_COMMENTS = YES;
				CLANG_WARN_EMPTY_BODY = YES;
				CLANG_WARN_ENUM_CONVERSION = YES;
				CLANG_WARN_INFINITE_RECURSION = YES;
				CLANG_WARN_INT_CONVERSION = YES;
				CLANG_WARN_NON_LITERAL_NULL_CONVERSION = YES;
				CLANG_WARN_OBJC_IMPLICIT_RETAIN_SELF = YES;
				CLANG_WARN_OBJC_LITERAL_CONVERSION = YES;
				CLANG_WARN_OBJC_ROOT_CLASS = YES_ERROR;
				CLANG_WARN_RANGE_LOOP_ANALYSIS = YES;
				CLANG_WARN_STRICT_PROTOTYPES = YES;
				CLANG_WARN_SUSPICIOUS_MOVE = YES;
				CLANG_WARN_UNGUARDED_AVAILABILITY = YES_AGGRESSIVE;
				CLANG_WARN_UNREACHABLE_CODE = YES;
				CLANG_WARN__DUPLICATE_METHOD_MATCH = YES;
				CODE_SIGN_IDENTITY = "iPhone Developer";
				COPY_PHASE_STRIP = NO;
				DEBUG_INFORMATION_FORMAT = "dwarf-with-dsym";
				ENABLE_NS_ASSERTIONS = NO;
				ENABLE_STRICT_OBJC_MSGSEND = YES;
				GCC_C_LANGUAGE_STANDARD = gnu11;
				GCC_NO_COMMON_BLOCKS = YES;
				GCC_WARN_64_TO_32_BIT_CONVERSION = YES;
				GCC_WARN_ABOUT_RETURN_TYPE = YES_ERROR;
				GCC_WARN_UNDECLARED_SELECTOR = YES;
				GCC_WARN_UNINITIALIZED_AUTOS = YES_AGGRESSIVE;
				GCC_WARN_UNUSED_FUNCTION = YES;
				GCC_WARN_UNUSED_VARIABLE = YES;
				IPHONEOS_DEPLOYMENT_TARGET = 12.1;
				MTL_ENABLE_DEBUG_INFO = NO;
				MTL_FAST_MATH = YES;
				SDKROOT = iphoneos;
				VALIDATE_PRODUCT = YES;
			};
			name = Release;
		};
		8D5BF2FF221D4BD500A1E568 /* Debug */ = {
			isa = XCBuildConfiguration;
			buildSettings = {
				ASSETCATALOG_COMPILER_APPICON_NAME = AppIcon;
				CODE_SIGN_STYLE = Automatic;
				INFOPLIST_FILE = HLButtonClickRange/Info.plist;
				LD_RUNPATH_SEARCH_PATHS = (
					"$(inherited)",
					"@executable_path/Frameworks",
				);
				PRODUCT_BUNDLE_IDENTIFIER = com.HL.HLButtonClickRange;
				PRODUCT_NAME = "$(TARGET_NAME)";
				TARGETED_DEVICE_FAMILY = "1,2";
			};
			name = Debug;
		};
		8D5BF300221D4BD500A1E568 /* Release */ = {
			isa = XCBuildConfiguration;
			buildSettings = {
				ASSETCATALOG_COMPILER_APPICON_NAME = AppIcon;
				CODE_SIGN_STYLE = Automatic;
				INFOPLIST_FILE = HLButtonClickRange/Info.plist;
				LD_RUNPATH_SEARCH_PATHS = (
					"$(inherited)",
					"@executable_path/Frameworks",
				);
				PRODUCT_BUNDLE_IDENTIFIER = com.HL.HLButtonClickRange;
				PRODUCT_NAME = "$(TARGET_NAME)";
				TARGETED_DEVICE_FAMILY = "1,2";
			};
			name = Release;
		};
		8D5BF302221D4BD500A1E568 /* Debug */ = {
			isa = XCBuildConfiguration;
			buildSettings = {
				BUNDLE_LOADER = "$(TEST_HOST)";
				CODE_SIGN_STYLE = Automatic;
				INFOPLIST_FILE = HLButtonClickRangeTests/Info.plist;
				LD_RUNPATH_SEARCH_PATHS = (
					"$(inherited)",
					"@executable_path/Frameworks",
					"@loader_path/Frameworks",
				);
				PRODUCT_BUNDLE_IDENTIFIER = com.HL.HLButtonClickRangeTests;
				PRODUCT_NAME = "$(TARGET_NAME)";
				TARGETED_DEVICE_FAMILY = "1,2";
				TEST_HOST = "$(BUILT_PRODUCTS_DIR)/HLButtonClickRange.app/HLButtonClickRange";
			};
			name = Debug;
		};
		8D5BF303221D4BD500A1E568 /* Release */ = {
			isa = XCBuildConfiguration;
			buildSettings = {
				BUNDLE_LOADER = "$(TEST_HOST)";
				CODE_SIGN_STYLE = Automatic;
				INFOPLIST_FILE = HLButtonClickRangeTests/Info.plist;
				LD_RUNPATH_SEARCH_PATHS = (
					"$(inherited)",
					"@executable_path/Frameworks",
					"@loader_path/Frameworks",
				);
				PRODUCT_BUNDLE_IDENTIFIER = com.HL.HLButtonClickRangeTests;
				PRODUCT_NAME = "$(TARGET_NAME)";
				TARGETED_DEVICE_FAMILY = "1,2";
				TEST_HOST = "$(BUILT_PRODUCTS_DIR)/HLButtonClickRange.app/HLButtonClickRange";
			};
			name = Release;
		};
		8D5BF305221D4BD500A1E568 /* Debug */ = {
			isa = XCBuildConfiguration;
			buildSettings = {
				CODE_SIGN_STYLE = Automatic;
				INFOPLIST_FILE = HLButtonClickRangeUITests/Info.plist;
				LD_RUNPATH_SEARCH_PATHS = (
					"$(inherited)",
					"@executable_path/Frameworks",
					"@loader_path/Frameworks",
				);
				PRODUCT_BUNDLE_IDENTIFIER = com.HL.HLButtonClickRangeUITests;
				PRODUCT_NAME = "$(TARGET_NAME)";
				TARGETED_DEVICE_FAMILY = "1,2";
				TEST_TARGET_NAME = HLButtonClickRange;
			};
			name = Debug;
		};
		8D5BF306221D4BD500A1E568 /* Release */ = {
			isa = XCBuildConfiguration;
			buildSettings = {
				CODE_SIGN_STYLE = Automatic;
				INFOPLIST_FILE = HLButtonClickRangeUITests/Info.plist;
				LD_RUNPATH_SEARCH_PATHS = (
					"$(inherited)",
					"@executable_path/Frameworks",
					"@loader_path/Frameworks",
				);
				PRODUCT_BUNDLE_IDENTIFIER = com.HL.HLButtonClickRangeUITests;
				PRODUCT_NAME = "$(TARGET_NAME)";
				TARGETED_DEVICE_FAMILY = "1,2";
				TEST_TARGET_NAME = HLButtonClickRange;
			};
			name = Release;
		};
/* End XCBuildConfiguration section */

/* Begin XCConfigurationList section */
		8D5BF2CD221D4BD400A1E568 /* Build configuration list for PBXProject "HLButtonClickRange" */ = {
			isa = XCConfigurationList;
			buildConfigurations = (
				8D5BF2FC221D4BD500A1E568 /* Debug */,
				8D5BF2FD221D4BD500A1E568 /* Release */,
			);
			defaultConfigurationIsVisible = 0;
			defaultConfigurationName = Release;
		};
		8D5BF2FE221D4BD500A1E568 /* Build configuration list for PBXNativeTarget "HLButtonClickRange" */ = {
			isa = XCConfigurationList;
			buildConfigurations = (
				8D5BF2FF221D4BD500A1E568 /* Debug */,
				8D5BF300221D4BD500A1E568 /* Release */,
			);
			defaultConfigurationIsVisible = 0;
			defaultConfigurationName = Release;
		};
		8D5BF301221D4BD500A1E568 /* Build configuration list for PBXNativeTarget "HLButtonClickRangeTests" */ = {
			isa = XCConfigurationList;
			buildConfigurations = (
				8D5BF302221D4BD500A1E568 /* Debug */,
				8D5BF303221D4BD500A1E568 /* Release */,
			);
			defaultConfigurationIsVisible = 0;
			defaultConfigurationName = Release;
		};
		8D5BF304221D4BD500A1E568 /* Build configuration list for PBXNativeTarget "HLButtonClickRangeUITests" */ = {
			isa = XCConfigurationList;
			buildConfigurations = (
				8D5BF305221D4BD500A1E568 /* Debug */,
				8D5BF306221D4BD500A1E568 /* Release */,
			);
			defaultConfigurationIsVisible = 0;
			defaultConfigurationName = Release;
		};
/* End XCConfigurationList section */
	};
	rootObject = 8D5BF2CA221D4BD400A1E568 /* Project object */;
}
